
Microsoft Visual Studio Solution File, Format Version 12.00
# Visual Studio Version 16
VisualStudioVersion = 16.0.31321.278
MinimumVisualStudioVersion = 10.0.40219.1
Project("{8BC9CEB8-8B4A-11D0-8D11-00A0C91BC942}") = "Queue ADT", "Queue ADT.vcxproj", "{4A0A7A4E-D8AF-419E-BBC3-96A274FDCC88}"
EndProject
Global
	GlobalSection(SolutionConfigurationPlatforms) = preSolution
		Debug|x64 = Debug|x64
		Debug|x86 = Debug|x86
		Release|x64 = Release|x64
		Release|x86 = Release|x86
	EndGlobalSection
	GlobalSection(ProjectConfigurationPlatforms) = postSolution
		{4A0A7A4E-D8AF-419E-BBC3-96A274FDCC88}.Debug|x64.ActiveCfg = Debug|x64
		{4A0A7A4E-D8AF-419E-BBC3-96A274FDCC88}.Debug|x64.Build.0 = Debug|x64
		{4A0A7A4E-D8AF-419E-BBC3-96A274FDCC88}.Debug|x86.ActiveCfg = Debug|Win32
		{4A0A7A4E-D8AF-419E-BBC3-96A274FDCC88}.Debug|x86.Build.0 = Debug|Win32
		{4A0A7A4E-D8AF-419E-BBC3-96A274FDCC88}.Release|x64.ActiveCfg = Release|x64
		{4A0A7A4E-D8AF-419E-BBC3-96A274FDCC88}.Release|x64.Build.0 = Release|x64
		{4A0A7A4E-D8AF-419E-BBC3-96A274FDCC88}.Release|x86.ActiveCfg = Release|Win32
		{4A0A7A4E-D8AF-419E-BBC3-96A274FDCC88}.Release|x86.Build.0 = Release|Win32
	EndGlobalSection
	GlobalSection(SolutionProperties) = preSolution
		HideSolutionNode = FALSE
	EndGlobalSection
	GlobalSection(ExtensibilityGlobals) = postSolution
		SolutionGuid = {5252E956-2933-4652-9979-571398F0637A}
	EndGlobalSection
EndGlobal
